
Microsoft Visual Studio Solution File, Format Version 12.00
# Visual Studio Version 17
VisualStudioVersion = 17.13.35931.197
MinimumVisualStudioVersion = 10.0.40219.1
Project("{FAE04EC0-301F-11D3-BF4B-00C04F79EFBC}") = "TerminalShootr", "TerminalShootr\TerminalShootr.csproj", "{1B7DEDE7-67D3-48C5-8FE0-6E6545136638}"
EndProject
Project("{FAE04EC0-301F-11D3-BF4B-00C04F79EFBC}") = "Search", "Search\Search.csproj", "{5C557A75-17E6-4056-9B0A-A6D164E29E8F}"
EndProject
Global
	GlobalSection(SolutionConfigurationPlatforms) = preSolution
		Debug|Any CPU = Debug|Any CPU
		Release|Any CPU = Release|Any CPU
	EndGlobalSection
	GlobalSection(ProjectConfigurationPlatforms) = postSolution
		{1B7DEDE7-67D3-48C5-8FE0-6E6545136638}.Debug|Any CPU.ActiveCfg = Debug|Any CPU
		{1B7DEDE7-67D3-48C5-8FE0-6E6545136638}.Debug|Any CPU.Build.0 = Debug|Any CPU
		{1B7DEDE7-67D3-48C5-8FE0-6E6545136638}.Release|Any CPU.ActiveCfg = Release|Any CPU
		{1B7DEDE7-67D3-48C5-8FE0-6E6545136638}.Release|Any CPU.Build.0 = Release|Any CPU
		{5C557A75-17E6-4056-9B0A-A6D164E29E8F}.Debug|Any CPU.ActiveCfg = Debug|Any CPU
		{5C557A75-17E6-4056-9B0A-A6D164E29E8F}.Debug|Any CPU.Build.0 = Debug|Any CPU
		{5C557A75-17E6-4056-9B0A-A6D164E29E8F}.Release|Any CPU.ActiveCfg = Release|Any CPU
		{5C557A75-17E6-4056-9B0A-A6D164E29E8F}.Release|Any CPU.Build.0 = Release|Any CPU
	EndGlobalSection
	GlobalSection(SolutionProperties) = preSolution
		HideSolutionNode = FALSE
	EndGlobalSection
	GlobalSection(ExtensibilityGlobals) = postSolution
		SolutionGuid = {8B86B746-A077-41FE-823A-F25FBDEB3943}
	EndGlobalSection
EndGlobal
